
Microsoft Visual Studio Solution File, Format Version 12.00
# Visual Studio 15
VisualStudioVersion = 15.0.26124.0
MinimumVisualStudioVersion = 15.0.26124.0
Project("{FAE04EC0-301F-11D3-BF4B-00C04F79EFBC}") = "FlyingDutchmanAirlines", "FlyingDutchmanAirlines\FlyingDutchmanAirlines.csproj", "{D7EE7511-57F9-49CC-8AED-48CFBFC344AF}"
EndProject
Project("{FAE04EC0-301F-11D3-BF4B-00C04F79EFBC}") = "FlyingDutchmanAirlines_Test", "FlyingDutchmanAirlines_Test\FlyingDutchmanAirlines_Test.csproj", "{1513BA5F-3E79-4EF9-9652-3E87BB7955B3}"
EndProject
Global
	GlobalSection(SolutionConfigurationPlatforms) = preSolution
		Debug|Any CPU = Debug|Any CPU
		Debug|x64 = Debug|x64
		Debug|x86 = Debug|x86
		Release|Any CPU = Release|Any CPU
		Release|x64 = Release|x64
		Release|x86 = Release|x86
	EndGlobalSection
	GlobalSection(SolutionProperties) = preSolution
		HideSolutionNode = FALSE
	EndGlobalSection
	GlobalSection(ProjectConfigurationPlatforms) = postSolution
		{D7EE7511-57F9-49CC-8AED-48CFBFC344AF}.Debug|Any CPU.ActiveCfg = Debug|Any CPU
		{D7EE7511-57F9-49CC-8AED-48CFBFC344AF}.Debug|Any CPU.Build.0 = Debug|Any CPU
		{D7EE7511-57F9-49CC-8AED-48CFBFC344AF}.Debug|x64.ActiveCfg = Debug|Any CPU
		{D7EE7511-57F9-49CC-8AED-48CFBFC344AF}.Debug|x64.Build.0 = Debug|Any CPU
		{D7EE7511-57F9-49CC-8AED-48CFBFC344AF}.Debug|x86.ActiveCfg = Debug|Any CPU
		{D7EE7511-57F9-49CC-8AED-48CFBFC344AF}.Debug|x86.Build.0 = Debug|Any CPU
		{D7EE7511-57F9-49CC-8AED-48CFBFC344AF}.Release|Any CPU.ActiveCfg = Release|Any CPU
		{D7EE7511-57F9-49CC-8AED-48CFBFC344AF}.Release|Any CPU.Build.0 = Release|Any CPU
		{D7EE7511-57F9-49CC-8AED-48CFBFC344AF}.Release|x64.ActiveCfg = Release|Any CPU
		{D7EE7511-57F9-49CC-8AED-48CFBFC344AF}.Release|x64.Build.0 = Release|Any CPU
		{D7EE7511-57F9-49CC-8AED-48CFBFC344AF}.Release|x86.ActiveCfg = Release|Any CPU
		{D7EE7511-57F9-49CC-8AED-48CFBFC344AF}.Release|x86.Build.0 = Release|Any CPU
		{1513BA5F-3E79-4EF9-9652-3E87BB7955B3}.Debug|Any CPU.ActiveCfg = Debug|Any CPU
		{1513BA5F-3E79-4EF9-9652-3E87BB7955B3}.Debug|Any CPU.Build.0 = Debug|Any CPU
		{1513BA5F-3E79-4EF9-9652-3E87BB7955B3}.Debug|x64.ActiveCfg = Debug|Any CPU
		{1513BA5F-3E79-4EF9-9652-3E87BB7955B3}.Debug|x64.Build.0 = Debug|Any CPU
		{1513BA5F-3E79-4EF9-9652-3E87BB7955B3}.Debug|x86.ActiveCfg = Debug|Any CPU
		{1513BA5F-3E79-4EF9-9652-3E87BB7955B3}.Debug|x86.Build.0 = Debug|Any CPU
		{1513BA5F-3E79-4EF9-9652-3E87BB7955B3}.Release|Any CPU.ActiveCfg = Release|Any CPU
		{1513BA5F-3E79-4EF9-9652-3E87BB7955B3}.Release|Any CPU.Build.0 = Release|Any CPU
		{1513BA5F-3E79-4EF9-9652-3E87BB7955B3}.Release|x64.ActiveCfg = Release|Any CPU
		{1513BA5F-3E79-4EF9-9652-3E87BB7955B3}.Release|x64.Build.0 = Release|Any CPU
		{1513BA5F-3E79-4EF9-9652-3E87BB7955B3}.Release|x86.ActiveCfg = Release|Any CPU
		{1513BA5F-3E79-4EF9-9652-3E87BB7955B3}.Release|x86.Build.0 = Release|Any CPU
	EndGlobalSection
EndGlobal
